// !$*UTF8*$!
{
	archiveVersion = 1;
	classes = {
	};
	objectVersion = 46;
	objects = {

/* Begin PBXBuildFile section */
		B22397BE1C4C93F80042B91E /* AppDelegate.swift in Sources */ = {isa = PBXBuildFile; fileRef = B22397BD1C4C93F80042B91E /* AppDelegate.swift */; };
		B22397C01C4C93F80042B91E /* ViewController.swift in Sources */ = {isa = PBXBuildFile; fileRef = B22397BF1C4C93F80042B91E /* ViewController.swift */; };
		B22397C31C4C93F80042B91E /* Main.storyboard in Resources */ = {isa = PBXBuildFile; fileRef = B22397C11C4C93F80042B91E /* Main.storyboard */; };
		B22397C51C4C93F80042B91E /* Assets.xcassets in Resources */ = {isa = PBXBuildFile; fileRef = B22397C41C4C93F80042B91E /* Assets.xcassets */; };
		B22397C81C4C93F80042B91E /* LaunchScreen.storyboard in Resources */ = {isa = PBXBuildFile; fileRef = B22397C61C4C93F80042B91E /* LaunchScreen.storyboard */; };
		B22397D11C4C945B0042B91E /* Post.swift in Sources */ = {isa = PBXBuildFile; fileRef = B22397D01C4C945B0042B91E /* Post.swift */; settings = {ASSET_TAGS = (); }; };
		B22397D81C4CAA1C0042B91E /* PostCell.swift in Sources */ = {isa = PBXBuildFile; fileRef = B22397D71C4CAA1C0042B91E /* PostCell.swift */; settings = {ASSET_TAGS = (); }; };
		B22397DB1C4CB4EA0042B91E /* AddPostVC.swift in Sources */ = {isa = PBXBuildFile; fileRef = B22397DA1C4CB4EA0042B91E /* AddPostVC.swift */; settings = {ASSET_TAGS = (); }; };
		B22397DE1C4CC7DF0042B91E /* DataService.swift in Sources */ = {isa = PBXBuildFile; fileRef = B22397DD1C4CC7DF0042B91E /* DataService.swift */; settings = {ASSET_TAGS = (); }; };
/* End PBXBuildFile section */

/* Begin PBXFileReference section */
		B22397BA1C4C93F80042B91E /* MyHood.app */ = {isa = PBXFileReference; explicitFileType = wrapper.application; includeInIndex = 0; path = MyHood.app; sourceTree = BUILT_PRODUCTS_DIR; };
		B22397BD1C4C93F80042B91E /* AppDelegate.swift */ = {isa = PBXFileReference; lastKnownFileType = sourcecode.swift; path = AppDelegate.swift; sourceTree = "<group>"; };
		B22397BF1C4C93F80042B91E /* ViewController.swift */ = {isa = PBXFileReference; lastKnownFileType = sourcecode.swift; path = ViewController.swift; sourceTree = "<group>"; };
		B22397C21C4C93F80042B91E /* Base */ = {isa = PBXFileReference; lastKnownFileType = file.storyboard; name = Base; path = Base.lproj/Main.storyboard; sourceTree = "<group>"; };
		B22397C41C4C93F80042B91E /* Assets.xcassets */ = {isa = PBXFileReference; lastKnownFileType = folder.assetcatalog; path = Assets.xcassets; sourceTree = "<group>"; };
		B22397C71C4C93F80042B91E /* Base */ = {isa = PBXFileReference; lastKnownFileType = file.storyboard; name = Base; path = Base.lproj/LaunchScreen.storyboard; sourceTree = "<group>"; };
		B22397C91C4C93F80042B91E /* Info.plist */ = {isa = PBXFileReference; lastKnownFileType = text.plist.xml; path = Info.plist; sourceTree = "<group>"; };
		B22397D01C4C945B0042B91E /* Post.swift */ = {isa = PBXFileReference; fileEncoding = 4; lastKnownFileType = sourcecode.swift; path = Post.swift; sourceTree = "<group>"; };
		B22397D71C4CAA1C0042B91E /* PostCell.swift */ = {isa = PBXFileReference; fileEncoding = 4; lastKnownFileType = sourcecode.swift; path = PostCell.swift; sourceTree = "<group>"; };
		B22397DA1C4CB4EA0042B91E /* AddPostVC.swift */ = {isa = PBXFileReference; fileEncoding = 4; lastKnownFileType = sourcecode.swift; path = AddPostVC.swift; sourceTree = "<group>"; };
		B22397DD1C4CC7DF0042B91E /* DataService.swift */ = {isa = PBXFileReference; fileEncoding = 4; lastKnownFileType = sourcecode.swift; path = DataService.swift; sourceTree = "<group>"; };
/* End PBXFileReference section */

/* Begin PBXFrameworksBuildPhase section */
		B22397B71C4C93F80042B91E /* Frameworks */ = {
			isa = PBXFrameworksBuildPhase;
			buildActionMask = 2147483647;
			files = (
			);
			runOnlyForDeploymentPostprocessing = 0;
		};
/* End PBXFrameworksBuildPhase section */

/* Begin PBXGroup section */
		B22397B11C4C93F80042B91E = {
			isa = PBXGroup;
			children = (
				B22397BC1C4C93F80042B91E /* MyHood */,
				B22397BB1C4C93F80042B91E /* Products */,
			);
			sourceTree = "<group>";
		};
		B22397BB1C4C93F80042B91E /* Products */ = {
			isa = PBXGroup;
			children = (
				B22397BA1C4C93F80042B91E /* MyHood.app */,
			);
			name = Products;
			sourceTree = "<group>";
		};
		B22397BC1C4C93F80042B91E /* MyHood */ = {
			isa = PBXGroup;
			children = (
				B22397DC1C4CC7CB0042B91E /* Service */,
				B22397CF1C4C94490042B91E /* Model */,
				B22397D21C4CA97E0042B91E /* View */,
				B22397D91C4CB4950042B91E /* Controller */,
				B22397C41C4C93F80042B91E /* Assets.xcassets */,
				B22397BD1C4C93F80042B91E /* AppDelegate.swift */,
				B22397C91C4C93F80042B91E /* Info.plist */,
			);
			path = MyHood;
			sourceTree = "<group>";
		};
		B22397CF1C4C94490042B91E /* Model */ = {
			isa = PBXGroup;
			children = (
				B22397D01C4C945B0042B91E /* Post.swift */,
			);
			name = Model;
			sourceTree = "<group>";
		};
		B22397D21C4CA97E0042B91E /* View */ = {
			isa = PBXGroup;
			children = (
				B22397C61C4C93F80042B91E /* LaunchScreen.storyboard */,
				B22397C11C4C93F80042B91E /* Main.storyboard */,
				B22397D71C4CAA1C0042B91E /* PostCell.swift */,
			);
			name = View;
			sourceTree = "<group>";
		};
		B22397D91C4CB4950042B91E /* Controller */ = {
			isa = PBXGroup;
			children = (
				B22397BF1C4C93F80042B91E /* ViewController.swift */,
				B22397DA1C4CB4EA0042B91E /* AddPostVC.swift */,
			);
			name = Controller;
			sourceTree = "<group>";
		};
		B22397DC1C4CC7CB0042B91E /* Service */ = {
			isa = PBXGroup;
			children = (
				B22397DD1C4CC7DF0042B91E /* DataService.swift */,
			);
			name = Service;
			sourceTree = "<group>";
		};
/* End PBXGroup section */

/* Begin PBXNativeTarget section */
		B22397B91C4C93F80042B91E /* MyHood */ = {
			isa = PBXNativeTarget;
			buildConfigurationList = B22397CC1C4C93F80042B91E /* Build configuration list for PBXNativeTarget "MyHood" */;
			buildPhases = (
				B22397B61C4C93F80042B91E /* Sources */,
				B22397B71C4C93F80042B91E /* Frameworks */,
				B22397B81C4C93F80042B91E /* Resources */,
			);
			buildRules = (
			);
			dependencies = (
			);
			name = MyHood;
			productName = MyHood;
			productReference = B22397BA1C4C93F80042B91E /* MyHood.app */;
			productType = "com.apple.product-type.application";
		};
/* End PBXNativeTarget section */

/* Begin PBXProject section */
		B22397B21C4C93F80042B91E /* Project object */ = {
			isa = PBXProject;
			attributes = {
				LastUpgradeCheck = 0700;
				ORGANIZATIONNAME = psskhal;
				TargetAttributes = {
					B22397B91C4C93F80042B91E = {
						CreatedOnToolsVersion = 7.0.1;
						DevelopmentTeam = MUY43ASZL6;
					};
				};
			};
			buildConfigurationList = B22397B51C4C93F80042B91E /* Build configuration list for PBXProject "MyHood" */;
			compatibilityVersion = "Xcode 3.2";
			developmentRegion = English;
			hasScannedForEncodings = 0;
			knownRegions = (
				en,
				Base,
			);
			mainGroup = B22397B11C4C93F80042B91E;
			productRefGroup = B22397BB1C4C93F80042B91E /* Products */;
			projectDirPath = "";
			projectRoot = "";
			targets = (
				B22397B91C4C93F80042B91E /* MyHood */,
			);
		};
/* End PBXProject section */

/* Begin PBXResourcesBuildPhase section */
		B22397B81C4C93F80042B91E /* Resources */ = {
			isa = PBXResourcesBuildPhase;
			buildActionMask = 2147483647;
			files = (
				B22397C81C4C93F80042B91E /* LaunchScreen.storyboard in Resources */,
				B22397C51C4C93F80042B91E /* Assets.xcassets in Resources */,
				B22397C31C4C93F80042B91E /* Main.storyboard in Resources */,
			);
			runOnlyForDeploymentPostprocessing = 0;
		};
/* End PBXResourcesBuildPhase section */

/* Begin PBXSourcesBuildPhase section */
		B22397B61C4C93F80042B91E /* Sources */ = {
			isa = PBXSourcesBuildPhase;
			buildActionMask = 2147483647;
			files = (
				B22397D11C4C945B0042B91E /* Post.swift in Sources */,
				B22397C01C4C93F80042B91E /* ViewController.swift in Sources */,
				B22397DB1C4CB4EA0042B91E /* AddPostVC.swift in Sources */,
				B22397DE1C4CC7DF0042B91E /* DataService.swift in Sources */,
				B22397BE1C4C93F80042B91E /* AppDelegate.swift in Sources */,
				B22397D81C4CAA1C0042B91E /* PostCell.swift in Sources */,
			);
			runOnlyForDeploymentPostprocessing = 0;
		};
/* End PBXSourcesBuildPhase section */

/* Begin PBXVariantGroup section */
		B22397C11C4C93F80042B91E /* Main.storyboard */ = {
			isa = PBXVariantGroup;
			children = (
				B22397C21C4C93F80042B91E /* Base */,
			);
			name = Main.storyboard;
			sourceTree = "<group>";
		};
		B22397C61C4C93F80042B91E /* LaunchScreen.storyboard */ = {
			isa = PBXVariantGroup;
			children = (
				B22397C71C4C93F80042B91E /* Base */,
			);
			name = LaunchScreen.storyboard;
			sourceTree = "<group>";
		};
/* End PBXVariantGroup section */

/* Begin XCBuildConfiguration section */
		B22397CA1C4C93F80042B91E /* Debug */ = {
			isa = XCBuildConfiguration;
			buildSettings = {
				ALWAYS_SEARCH_USER_PATHS = NO;
				CLANG_CXX_LANGUAGE_STANDARD = "gnu++0x";
				CLANG_CXX_LIBRARY = "libc++";
				CLANG_ENABLE_MODULES = YES;
				CLANG_ENABLE_OBJC_ARC = YES;
				CLANG_WARN_BOOL_CONVERSION = YES;
				CLANG_WARN_CONSTANT_CONVERSION = YES;
				CLANG_WARN_DIRECT_OBJC_ISA_USAGE = YES_ERROR;
				CLANG_WARN_EMPTY_BODY = YES;
				CLANG_WARN_ENUM_CONVERSION = YES;
				CLANG_WARN_INT_CONVERSION = YES;
				CLANG_WARN_OBJC_ROOT_CLASS = YES_ERROR;
				CLANG_WARN_UNREACHABLE_CODE = YES;
				CLANG_WARN__DUPLICATE_METHOD_MATCH = YES;
				"CODE_SIGN_IDENTITY[sdk=iphoneos*]" = "iPhone Developer";
				COPY_PHASE_STRIP = NO;
				DEBUG_INFORMATION_FORMAT = dwarf;
				ENABLE_STRICT_OBJC_MSGSEND = YES;
				ENABLE_TESTABILITY = YES;
				GCC_C_LANGUAGE_STANDARD = gnu99;
				GCC_DYNAMIC_NO_PIC = NO;
				GCC_NO_COMMON_BLOCKS = YES;
				GCC_OPTIMIZATION_LEVEL = 0;
				GCC_PREPROCESSOR_DEFINITIONS = (
					"DEBUG=1",
					"$(inherited)",
				);
				GCC_WARN_64_TO_32_BIT_CONVERSION = YES;
				GCC_WARN_ABOUT_RETURN_TYPE = YES_ERROR;
				GCC_WARN_UNDECLARED_SELECTOR = YES;
				GCC_WARN_UNINITIALIZED_AUTOS = YES_AGGRESSIVE;
				GCC_WARN_UNUSED_FUNCTION = YES;
				GCC_WARN_UNUSED_VARIABLE = YES;
				IPHONEOS_DEPLOYMENT_TARGET = 9.0;
				MTL_ENABLE_DEBUG_INFO = YES;
				ONLY_ACTIVE_ARCH = YES;
				SDKROOT = iphoneos;
				SWIFT_OPTIMIZATION_LEVEL = "-Onone";
				TARGETED_DEVICE_FAMILY = "1,2";
			};
			name = Debug;
		};
		B22397CB1C4C93F80042B91E /* Release */ = {
			isa = XCBuildConfiguration;
			buildSettings = {
				ALWAYS_SEARCH_USER_PATHS = NO;
				CLANG_CXX_LANGUAGE_STANDARD = "gnu++0x";
				CLANG_CXX_LIBRARY = "libc++";
				CLANG_ENABLE_MODULES = YES;
				CLANG_ENABLE_OBJC_ARC = YES;
				CLANG_WARN_BOOL_CONVERSION = YES;
				CLANG_WARN_CONSTANT_CONVERSION = YES;
				CLANG_WARN_DIRECT_OBJC_ISA_USAGE = YES_ERROR;
				CLANG_WARN_EMPTY_BODY = YES;
				CLANG_WARN_ENUM_CONVERSION = YES;
				CLANG_WARN_INT_CONVERSION = YES;
				CLANG_WARN_OBJC_ROOT_CLASS = YES_ERROR;
				CLANG_WARN_UNREACHABLE_CODE = YES;
				CLANG_WARN__DUPLICATE_METHOD_MATCH = YES;
				"CODE_SIGN_IDENTITY[sdk=iphoneos*]" = "iPhone Developer";
				COPY_PHASE_STRIP = NO;
				DEBUG_INFORMATION_FORMAT = "dwarf-with-dsym";
				ENABLE_NS_ASSERTIONS = NO;
				ENABLE_STRICT_OBJC_MSGSEND = YES;
				GCC_C_LANGUAGE_STANDARD = gnu99;
				GCC_NO_COMMON_BLOCKS = YES;
				GCC_WARN_64_TO_32_BIT_CONVERSION = YES;
				GCC_WARN_ABOUT_RETURN_TYPE = YES_ERROR;
				GCC_WARN_UNDECLARED_SELECTOR = YES;
				GCC_WARN_UNINITIALIZED_AUTOS = YES_AGGRESSIVE;
				GCC_WARN_UNUSED_FUNCTION = YES;
				GCC_WARN_UNUSED_VARIABLE = YES;
				IPHONEOS_DEPLOYMENT_TARGET = 9.0;
				MTL_ENABLE_DEBUG_INFO = NO;
				SDKROOT = iphoneos;
				TARGETED_DEVICE_FAMILY = "1,2";
				VALIDATE_PRODUCT = YES;
			};
			name = Release;
		};
		B22397CD1C4C93F80042B91E /* Debug */ = {
			isa = XCBuildConfiguration;
			buildSettings = {
				ASSETCATALOG_COMPILER_APPICON_NAME = AppIcon;
				CODE_SIGN_IDENTITY = "iPhone Developer";
				"CODE_SIGN_IDENTITY[sdk=iphoneos*]" = "iPhone Developer";
				INFOPLIST_FILE = MyHood/Info.plist;
				LD_RUNPATH_SEARCH_PATHS = "$(inherited) @executable_path/Frameworks";
				PRODUCT_BUNDLE_IDENTIFIER = com.psskhal.MyHood;
				PRODUCT_NAME = "$(TARGET_NAME)";
				PROVISIONING_PROFILE = "";
			};
			name = Debug;
		};
		B22397CE1C4C93F80042B91E /* Release */ = {
			isa = XCBuildConfiguration;
			buildSettings = {
				ASSETCATALOG_COMPILER_APPICON_NAME = AppIcon;
				CODE_SIGN_IDENTITY = "iPhone Developer";
				"CODE_SIGN_IDENTITY[sdk=iphoneos*]" = "iPhone Developer";
				INFOPLIST_FILE = MyHood/Info.plist;
				LD_RUNPATH_SEARCH_PATHS = "$(inherited) @executable_path/Frameworks";
				PRODUCT_BUNDLE_IDENTIFIER = com.psskhal.MyHood;
				PRODUCT_NAME = "$(TARGET_NAME)";
				PROVISIONING_PROFILE = "";
			};
			name = Release;
		};
/* End XCBuildConfiguration section */

/* Begin XCConfigurationList section */
		B22397B51C4C93F80042B91E /* Build configuration list for PBXProject "MyHood" */ = {
			isa = XCConfigurationList;
			buildConfigurations = (
				B22397CA1C4C93F80042B91E /* Debug */,
				B22397CB1C4C93F80042B91E /* Release */,
			);
			defaultConfigurationIsVisible = 0;
			defaultConfigurationName = Release;
		};
		B22397CC1C4C93F80042B91E /* Build configuration list for PBXNativeTarget "MyHood" */ = {
			isa = XCConfigurationList;
			buildConfigurations = (
				B22397CD1C4C93F80042B91E /* Debug */,
				B22397CE1C4C93F80042B91E /* Release */,
			);
			defaultConfigurationIsVisible = 0;
		};
/* End XCConfigurationList section */
	};
	rootObject = B22397B21C4C93F80042B91E /* Project object */;
}
